// !$*UTF8*$!
{
	archiveVersion = 1;
	classes = {
	};
	objectVersion = 51;
	objects = {

/* Begin PBXBuildFile section */
		05DF1D996894DBE6E00321B5 /* Pods_ScoutMaster.framework in Frameworks */ = {isa = PBXBuildFile; fileRef = A38817B1C8BC15E705E6950D /* Pods_ScoutMaster.framework */; };
		080E1C9923E4722200EF94A6 /* MapboxTestVC.swift in Sources */ = {isa = PBXBuildFile; fileRef = 080E1C9823E4722200EF94A6 /* MapboxTestVC.swift */; };
		080E1C9B23E4734500EF94A6 /* (null) in Sources */ = {isa = PBXBuildFile; };
		3A0076BD23F1C7D900FE1CE6 /* MapSettings.swift in Sources */ = {isa = PBXBuildFile; fileRef = 3A0076BC23F1C7D900FE1CE6 /* MapSettings.swift */; };
		3A0076C023F1CAE600FE1CE6 /* MapCell.swift in Sources */ = {isa = PBXBuildFile; fileRef = 3A0076BF23F1CAE600FE1CE6 /* MapCell.swift */; };
		3A00771023F62AE500FE1CE6 /* Secrets.swift in Sources */ = {isa = PBXBuildFile; fileRef = 3A00770F23F62AE500FE1CE6 /* Secrets.swift */; };
		3A00771323F635F600FE1CE6 /* SoftEffect.swift in Sources */ = {isa = PBXBuildFile; fileRef = 3A00771223F635F600FE1CE6 /* SoftEffect.swift */; };
		3A00771523F6466B00FE1CE6 /* prospectparkloop.geojson in Resources */ = {isa = PBXBuildFile; fileRef = 3A00771423F6466B00FE1CE6 /* prospectparkloop.geojson */; };
		3A999DB223DF58AC008DBC60 /* AppDelegate.swift in Sources */ = {isa = PBXBuildFile; fileRef = 3A999DB123DF58AC008DBC60 /* AppDelegate.swift */; };
		3A999DB423DF58AC008DBC60 /* SceneDelegate.swift in Sources */ = {isa = PBXBuildFile; fileRef = 3A999DB323DF58AC008DBC60 /* SceneDelegate.swift */; };
		3A999DB923DF58AC008DBC60 /* Main.storyboard in Resources */ = {isa = PBXBuildFile; fileRef = 3A999DB723DF58AC008DBC60 /* Main.storyboard */; };
		3A999DBC23DF58AC008DBC60 /* ScoutMaster.xcdatamodeld in Sources */ = {isa = PBXBuildFile; fileRef = 3A999DBA23DF58AC008DBC60 /* ScoutMaster.xcdatamodeld */; };
		3A999DBE23DF58AD008DBC60 /* Assets.xcassets in Resources */ = {isa = PBXBuildFile; fileRef = 3A999DBD23DF58AD008DBC60 /* Assets.xcassets */; };
		3A999DC123DF58AD008DBC60 /* LaunchScreen.storyboard in Resources */ = {isa = PBXBuildFile; fileRef = 3A999DBF23DF58AD008DBC60 /* LaunchScreen.storyboard */; };
		3A999DCC23DF58AE008DBC60 /* ScoutMasterTests.swift in Sources */ = {isa = PBXBuildFile; fileRef = 3A999DCB23DF58AE008DBC60 /* ScoutMasterTests.swift */; };
		3A999DD723DF58AE008DBC60 /* ScoutMasterUITests.swift in Sources */ = {isa = PBXBuildFile; fileRef = 3A999DD623DF58AE008DBC60 /* ScoutMasterUITests.swift */; };
		3A999DE923DF5960008DBC60 /* LoginVC.swift in Sources */ = {isa = PBXBuildFile; fileRef = 3A999DE823DF5960008DBC60 /* LoginVC.swift */; };
		3A999DED23DF59AA008DBC60 /* ProfileVC.swift in Sources */ = {isa = PBXBuildFile; fileRef = 3A999DEC23DF59AA008DBC60 /* ProfileVC.swift */; };
		3A999DEF23DF59EC008DBC60 /* MainTabBarViewController.swift in Sources */ = {isa = PBXBuildFile; fileRef = 3A999DEE23DF59EC008DBC60 /* MainTabBarViewController.swift */; };
		3A999DF423DF5B1A008DBC60 /* DetailVC.swift in Sources */ = {isa = PBXBuildFile; fileRef = 3A999DF323DF5B1A008DBC60 /* DetailVC.swift */; };
		3A999DF723DF5B6B008DBC60 /* JourneyVC.swift in Sources */ = {isa = PBXBuildFile; fileRef = 3A999DF623DF5B6B008DBC60 /* JourneyVC.swift */; };
		3A999DF923DF5B7A008DBC60 /* MapVC.swift in Sources */ = {isa = PBXBuildFile; fileRef = 3A999DF823DF5B79008DBC60 /* MapVC.swift */; };
		3A999E0223DF5C7B008DBC60 /* ModelOne.swift in Sources */ = {isa = PBXBuildFile; fileRef = 3A999E0123DF5C7B008DBC60 /* ModelOne.swift */; };
		3A999E0823DF6E52008DBC60 /* Network.swift in Sources */ = {isa = PBXBuildFile; fileRef = 3A999E0723DF6E52008DBC60 /* Network.swift */; };
		3AAA6AE223E886DA00A5E8F1 /* CustomPointAnnotation.swift in Sources */ = {isa = PBXBuildFile; fileRef = 3AAA6AE123E886DA00A5E8F1 /* CustomPointAnnotation.swift */; };
		3AAA6AE323E8879A00A5E8F1 /* LocationData.swift in Sources */ = {isa = PBXBuildFile; fileRef = 3A999E0C23DF6EA0008DBC60 /* LocationData.swift */; };
		3AAA6AE523E88F4F00A5E8F1 /* blue-trail.geojson in Resources */ = {isa = PBXBuildFile; fileRef = 3AAA6AE423E88F4F00A5E8F1 /* blue-trail.geojson */; };
		3AE92FD923FC791F009D7AD0 /* AddPointVC.swift in Sources */ = {isa = PBXBuildFile; fileRef = 3AE92FD823FC791F009D7AD0 /* AddPointVC.swift */; };
		3EE8B9B0ECABC26C48F173D0 /* Pods_ScoutMaster_ScoutMasterUITests.framework in Frameworks */ = {isa = PBXBuildFile; fileRef = 6FD36AC838291A554A4C151A /* Pods_ScoutMaster_ScoutMasterUITests.framework */; };
		4E6610D623E373BC00846CB4 /* FirebaseAuth.swift in Sources */ = {isa = PBXBuildFile; fileRef = 4E6610D523E373BC00846CB4 /* FirebaseAuth.swift */; };
		4E6610D823E373D300846CB4 /* FirebaseService.swift in Sources */ = {isa = PBXBuildFile; fileRef = 4E6610D723E373D300846CB4 /* FirebaseService.swift */; };
		4E6610DC23E37D3400846CB4 /* User.swift in Sources */ = {isa = PBXBuildFile; fileRef = 4E6610DB23E37D3400846CB4 /* User.swift */; };
		4EA3D3BC23F1C60100501EB3 /* FireStorage.swift in Sources */ = {isa = PBXBuildFile; fileRef = 4EA3D3BB23F1C60100501EB3 /* FireStorage.swift */; };
		4EA3D3BE23F1D08C00501EB3 /* Posts.swift in Sources */ = {isa = PBXBuildFile; fileRef = 4EA3D3BD23F1D08C00501EB3 /* Posts.swift */; };
		4EA3D3C223F30DF000501EB3 /* FaveHikeCVC.swift in Sources */ = {isa = PBXBuildFile; fileRef = 4EA3D3C123F30DF000501EB3 /* FaveHikeCVC.swift */; };
		4EB921E123E8895E0013B245 /* SignUpVC.swift in Sources */ = {isa = PBXBuildFile; fileRef = 4EB921E023E8895E0013B245 /* SignUpVC.swift */; };
		4EB921E323E88A9C0013B245 /* String+Validations.swift in Sources */ = {isa = PBXBuildFile; fileRef = 4EB921E223E88A9C0013B245 /* String+Validations.swift */; };
		523BE1CE23F34020006761A6 /* DashboardVC.swift in Sources */ = {isa = PBXBuildFile; fileRef = 523BE1CD23F3401F006761A6 /* DashboardVC.swift */; };
		523D98B923F5BB76007EF639 /* GoogleFile.swift in Sources */ = {isa = PBXBuildFile; fileRef = 523D98B823F5BB76007EF639 /* GoogleFile.swift */; };
		5267F35B23E4D10800B7ACA0 /* TrailCell.swift in Sources */ = {isa = PBXBuildFile; fileRef = 5267F35A23E4D10800B7ACA0 /* TrailCell.swift */; };
		52B152D823E0A651007C9BF6 /* AppError.swift in Sources */ = {isa = PBXBuildFile; fileRef = 52B152D723E0A651007C9BF6 /* AppError.swift */; };
		52B152DB23E0C99B007C9BF6 /* FirebaseFile.swift in Sources */ = {isa = PBXBuildFile; fileRef = 52B152DA23E0C99B007C9BF6 /* FirebaseFile.swift */; };
		52B152DF23E0C9DA007C9BF6 /* HikingProjectFile.swift in Sources */ = {isa = PBXBuildFile; fileRef = 52B152DE23E0C9DA007C9BF6 /* HikingProjectFile.swift */; };
		52B152E223E0C9FA007C9BF6 /* NPSFile.swift in Sources */ = {isa = PBXBuildFile; fileRef = 52B152E123E0C9FA007C9BF6 /* NPSFile.swift */; };
		52B152E523E0CA1E007C9BF6 /* DarkSkyFile.swift in Sources */ = {isa = PBXBuildFile; fileRef = 52B152E423E0CA1E007C9BF6 /* DarkSkyFile.swift */; };
		52B152E723E0E9D8007C9BF6 /* ImageHelper.swift in Sources */ = {isa = PBXBuildFile; fileRef = 52B152E623E0E9D8007C9BF6 /* ImageHelper.swift */; };
		52B152F423E3936B007C9BF6 /* GoogleService-Info.plist in Resources */ = {isa = PBXBuildFile; fileRef = 52B152F323E3936B007C9BF6 /* GoogleService-Info.plist */; };
		52B152F523E3937F007C9BF6 /* ScoutMasterUITests.xctest in Resources */ = {isa = PBXBuildFile; fileRef = 3A999DD223DF58AE008DBC60 /* ScoutMasterUITests.xctest */; };
		7203AAF63B8D66EF26731238 /* Pods_ScoutMasterTests.framework in Frameworks */ = {isa = PBXBuildFile; fileRef = FAA392E12FA4CE1FD3BA6E71 /* Pods_ScoutMasterTests.framework */; };
/* End PBXBuildFile section */

/* Begin PBXContainerItemProxy section */
		3A999DC823DF58AE008DBC60 /* PBXContainerItemProxy */ = {
			isa = PBXContainerItemProxy;
			containerPortal = 3A999DA623DF58AC008DBC60 /* Project object */;
			proxyType = 1;
			remoteGlobalIDString = 3A999DAD23DF58AC008DBC60;
			remoteInfo = ScoutMaster;
		};
		3A999DD323DF58AE008DBC60 /* PBXContainerItemProxy */ = {
			isa = PBXContainerItemProxy;
			containerPortal = 3A999DA623DF58AC008DBC60 /* Project object */;
			proxyType = 1;
			remoteGlobalIDString = 3A999DAD23DF58AC008DBC60;
			remoteInfo = ScoutMaster;
		};
/* End PBXContainerItemProxy section */

/* Begin PBXFileReference section */
		01A5028CDEC1704483C0073E /* Pods-ScoutMaster-ScoutMasterUITests.debug.xcconfig */ = {isa = PBXFileReference; includeInIndex = 1; lastKnownFileType = text.xcconfig; name = "Pods-ScoutMaster-ScoutMasterUITests.debug.xcconfig"; path = "Target Support Files/Pods-ScoutMaster-ScoutMasterUITests/Pods-ScoutMaster-ScoutMasterUITests.debug.xcconfig"; sourceTree = "<group>"; };
		080E1C9823E4722200EF94A6 /* MapboxTestVC.swift */ = {isa = PBXFileReference; lastKnownFileType = sourcecode.swift; path = MapboxTestVC.swift; sourceTree = "<group>"; };
		13A34422FE0BAB1A2892F98C /* Pods-ScoutMaster.debug.xcconfig */ = {isa = PBXFileReference; includeInIndex = 1; lastKnownFileType = text.xcconfig; name = "Pods-ScoutMaster.debug.xcconfig"; path = "Target Support Files/Pods-ScoutMaster/Pods-ScoutMaster.debug.xcconfig"; sourceTree = "<group>"; };
		3A0076BC23F1C7D900FE1CE6 /* MapSettings.swift */ = {isa = PBXFileReference; lastKnownFileType = sourcecode.swift; path = MapSettings.swift; sourceTree = "<group>"; };
		3A0076BF23F1CAE600FE1CE6 /* MapCell.swift */ = {isa = PBXFileReference; lastKnownFileType = sourcecode.swift; path = MapCell.swift; sourceTree = "<group>"; };
		3A00770F23F62AE500FE1CE6 /* Secrets.swift */ = {isa = PBXFileReference; lastKnownFileType = sourcecode.swift; path = Secrets.swift; sourceTree = "<group>"; };
		3A00771223F635F600FE1CE6 /* SoftEffect.swift */ = {isa = PBXFileReference; lastKnownFileType = sourcecode.swift; path = SoftEffect.swift; sourceTree = "<group>"; };
		3A00771423F6466B00FE1CE6 /* prospectparkloop.geojson */ = {isa = PBXFileReference; lastKnownFileType = text; path = prospectparkloop.geojson; sourceTree = "<group>"; };
		3A999DAE23DF58AC008DBC60 /* ScoutMaster.app */ = {isa = PBXFileReference; explicitFileType = wrapper.application; includeInIndex = 0; path = ScoutMaster.app; sourceTree = BUILT_PRODUCTS_DIR; };
		3A999DB123DF58AC008DBC60 /* AppDelegate.swift */ = {isa = PBXFileReference; lastKnownFileType = sourcecode.swift; path = AppDelegate.swift; sourceTree = "<group>"; };
		3A999DB323DF58AC008DBC60 /* SceneDelegate.swift */ = {isa = PBXFileReference; lastKnownFileType = sourcecode.swift; path = SceneDelegate.swift; sourceTree = "<group>"; };
		3A999DB823DF58AC008DBC60 /* Base */ = {isa = PBXFileReference; lastKnownFileType = file.storyboard; name = Base; path = Base.lproj/Main.storyboard; sourceTree = "<group>"; };
		3A999DBB23DF58AC008DBC60 /* ScoutMaster.xcdatamodel */ = {isa = PBXFileReference; lastKnownFileType = wrapper.xcdatamodel; path = ScoutMaster.xcdatamodel; sourceTree = "<group>"; };
		3A999DBD23DF58AD008DBC60 /* Assets.xcassets */ = {isa = PBXFileReference; lastKnownFileType = folder.assetcatalog; path = Assets.xcassets; sourceTree = "<group>"; };
		3A999DC023DF58AD008DBC60 /* Base */ = {isa = PBXFileReference; lastKnownFileType = file.storyboard; name = Base; path = Base.lproj/LaunchScreen.storyboard; sourceTree = "<group>"; };
		3A999DC223DF58AD008DBC60 /* Info.plist */ = {isa = PBXFileReference; lastKnownFileType = text.plist.xml; path = Info.plist; sourceTree = "<group>"; };
		3A999DC723DF58AE008DBC60 /* ScoutMasterTests.xctest */ = {isa = PBXFileReference; explicitFileType = wrapper.cfbundle; includeInIndex = 0; path = ScoutMasterTests.xctest; sourceTree = BUILT_PRODUCTS_DIR; };
		3A999DCB23DF58AE008DBC60 /* ScoutMasterTests.swift */ = {isa = PBXFileReference; lastKnownFileType = sourcecode.swift; path = ScoutMasterTests.swift; sourceTree = "<group>"; };
		3A999DCD23DF58AE008DBC60 /* Info.plist */ = {isa = PBXFileReference; lastKnownFileType = text.plist.xml; path = Info.plist; sourceTree = "<group>"; };
		3A999DD223DF58AE008DBC60 /* ScoutMasterUITests.xctest */ = {isa = PBXFileReference; explicitFileType = wrapper.cfbundle; includeInIndex = 0; path = ScoutMasterUITests.xctest; sourceTree = BUILT_PRODUCTS_DIR; };
		3A999DD623DF58AE008DBC60 /* ScoutMasterUITests.swift */ = {isa = PBXFileReference; lastKnownFileType = sourcecode.swift; path = ScoutMasterUITests.swift; sourceTree = "<group>"; };
		3A999DD823DF58AE008DBC60 /* Info.plist */ = {isa = PBXFileReference; lastKnownFileType = text.plist.xml; path = Info.plist; sourceTree = "<group>"; };
		3A999DE823DF5960008DBC60 /* LoginVC.swift */ = {isa = PBXFileReference; lastKnownFileType = sourcecode.swift; path = LoginVC.swift; sourceTree = "<group>"; };
		3A999DEC23DF59AA008DBC60 /* ProfileVC.swift */ = {isa = PBXFileReference; lastKnownFileType = sourcecode.swift; path = ProfileVC.swift; sourceTree = "<group>"; };
		3A999DEE23DF59EC008DBC60 /* MainTabBarViewController.swift */ = {isa = PBXFileReference; lastKnownFileType = sourcecode.swift; path = MainTabBarViewController.swift; sourceTree = "<group>"; };
		3A999DF323DF5B1A008DBC60 /* DetailVC.swift */ = {isa = PBXFileReference; lastKnownFileType = sourcecode.swift; path = DetailVC.swift; sourceTree = "<group>"; };
		3A999DF623DF5B6B008DBC60 /* JourneyVC.swift */ = {isa = PBXFileReference; lastKnownFileType = sourcecode.swift; path = JourneyVC.swift; sourceTree = "<group>"; };
		3A999DF823DF5B79008DBC60 /* MapVC.swift */ = {isa = PBXFileReference; lastKnownFileType = sourcecode.swift; path = MapVC.swift; sourceTree = "<group>"; };
		3A999E0123DF5C7B008DBC60 /* ModelOne.swift */ = {isa = PBXFileReference; lastKnownFileType = sourcecode.swift; path = ModelOne.swift; sourceTree = "<group>"; };
		3A999E0723DF6E52008DBC60 /* Network.swift */ = {isa = PBXFileReference; lastKnownFileType = sourcecode.swift; path = Network.swift; sourceTree = "<group>"; };
		3A999E0C23DF6EA0008DBC60 /* LocationData.swift */ = {isa = PBXFileReference; lastKnownFileType = sourcecode.swift; path = LocationData.swift; sourceTree = "<group>"; };
		3AAA6AE123E886DA00A5E8F1 /* CustomPointAnnotation.swift */ = {isa = PBXFileReference; lastKnownFileType = sourcecode.swift; path = CustomPointAnnotation.swift; sourceTree = "<group>"; };
		3AAA6AE423E88F4F00A5E8F1 /* blue-trail.geojson */ = {isa = PBXFileReference; fileEncoding = 4; lastKnownFileType = text; path = "blue-trail.geojson"; sourceTree = "<group>"; };
		3AE92FD823FC791F009D7AD0 /* AddPointVC.swift */ = {isa = PBXFileReference; lastKnownFileType = sourcecode.swift; path = AddPointVC.swift; sourceTree = "<group>"; };
		4E6610D523E373BC00846CB4 /* FirebaseAuth.swift */ = {isa = PBXFileReference; lastKnownFileType = sourcecode.swift; path = FirebaseAuth.swift; sourceTree = "<group>"; };
		4E6610D723E373D300846CB4 /* FirebaseService.swift */ = {isa = PBXFileReference; lastKnownFileType = sourcecode.swift; path = FirebaseService.swift; sourceTree = "<group>"; };
		4E6610DB23E37D3400846CB4 /* User.swift */ = {isa = PBXFileReference; lastKnownFileType = sourcecode.swift; path = User.swift; sourceTree = "<group>"; };
		4EA3D3BB23F1C60100501EB3 /* FireStorage.swift */ = {isa = PBXFileReference; lastKnownFileType = sourcecode.swift; path = FireStorage.swift; sourceTree = "<group>"; };
		4EA3D3BD23F1D08C00501EB3 /* Posts.swift */ = {isa = PBXFileReference; lastKnownFileType = sourcecode.swift; path = Posts.swift; sourceTree = "<group>"; };
		4EA3D3C123F30DF000501EB3 /* FaveHikeCVC.swift */ = {isa = PBXFileReference; lastKnownFileType = sourcecode.swift; path = FaveHikeCVC.swift; sourceTree = "<group>"; };
		4EB921E023E8895E0013B245 /* SignUpVC.swift */ = {isa = PBXFileReference; lastKnownFileType = sourcecode.swift; path = SignUpVC.swift; sourceTree = "<group>"; };
		4EB921E223E88A9C0013B245 /* String+Validations.swift */ = {isa = PBXFileReference; lastKnownFileType = sourcecode.swift; path = "String+Validations.swift"; sourceTree = "<group>"; };
		523BE1CD23F3401F006761A6 /* DashboardVC.swift */ = {isa = PBXFileReference; lastKnownFileType = sourcecode.swift; path = DashboardVC.swift; sourceTree = "<group>"; };
		523D98B823F5BB76007EF639 /* GoogleFile.swift */ = {isa = PBXFileReference; lastKnownFileType = sourcecode.swift; path = GoogleFile.swift; sourceTree = "<group>"; };
		5267F35A23E4D10800B7ACA0 /* TrailCell.swift */ = {isa = PBXFileReference; lastKnownFileType = sourcecode.swift; path = TrailCell.swift; sourceTree = "<group>"; };
		52B152D723E0A651007C9BF6 /* AppError.swift */ = {isa = PBXFileReference; lastKnownFileType = sourcecode.swift; path = AppError.swift; sourceTree = "<group>"; };
		52B152DA23E0C99B007C9BF6 /* FirebaseFile.swift */ = {isa = PBXFileReference; lastKnownFileType = sourcecode.swift; path = FirebaseFile.swift; sourceTree = "<group>"; };
		52B152DE23E0C9DA007C9BF6 /* HikingProjectFile.swift */ = {isa = PBXFileReference; lastKnownFileType = sourcecode.swift; path = HikingProjectFile.swift; sourceTree = "<group>"; };
		52B152E123E0C9FA007C9BF6 /* NPSFile.swift */ = {isa = PBXFileReference; lastKnownFileType = sourcecode.swift; path = NPSFile.swift; sourceTree = "<group>"; };
		52B152E423E0CA1E007C9BF6 /* DarkSkyFile.swift */ = {isa = PBXFileReference; lastKnownFileType = sourcecode.swift; path = DarkSkyFile.swift; sourceTree = "<group>"; };
		52B152E623E0E9D8007C9BF6 /* ImageHelper.swift */ = {isa = PBXFileReference; lastKnownFileType = sourcecode.swift; path = ImageHelper.swift; sourceTree = "<group>"; };
		52B152F323E3936B007C9BF6 /* GoogleService-Info.plist */ = {isa = PBXFileReference; fileEncoding = 4; lastKnownFileType = text.plist.xml; path = "GoogleService-Info.plist"; sourceTree = "<group>"; };
		6FD36AC838291A554A4C151A /* Pods_ScoutMaster_ScoutMasterUITests.framework */ = {isa = PBXFileReference; explicitFileType = wrapper.framework; includeInIndex = 0; path = Pods_ScoutMaster_ScoutMasterUITests.framework; sourceTree = BUILT_PRODUCTS_DIR; };
		731255956801D36A5C2D0DD3 /* Pods-ScoutMaster-ScoutMasterUITests.release.xcconfig */ = {isa = PBXFileReference; includeInIndex = 1; lastKnownFileType = text.xcconfig; name = "Pods-ScoutMaster-ScoutMasterUITests.release.xcconfig"; path = "Target Support Files/Pods-ScoutMaster-ScoutMasterUITests/Pods-ScoutMaster-ScoutMasterUITests.release.xcconfig"; sourceTree = "<group>"; };
		A38817B1C8BC15E705E6950D /* Pods_ScoutMaster.framework */ = {isa = PBXFileReference; explicitFileType = wrapper.framework; includeInIndex = 0; path = Pods_ScoutMaster.framework; sourceTree = BUILT_PRODUCTS_DIR; };
		BAD78B67EE959390FA025D87 /* Pods-ScoutMasterTests.release.xcconfig */ = {isa = PBXFileReference; includeInIndex = 1; lastKnownFileType = text.xcconfig; name = "Pods-ScoutMasterTests.release.xcconfig"; path = "Target Support Files/Pods-ScoutMasterTests/Pods-ScoutMasterTests.release.xcconfig"; sourceTree = "<group>"; };
		DDE6B74DDA839949F9DA928E /* Pods-ScoutMasterTests.debug.xcconfig */ = {isa = PBXFileReference; includeInIndex = 1; lastKnownFileType = text.xcconfig; name = "Pods-ScoutMasterTests.debug.xcconfig"; path = "Target Support Files/Pods-ScoutMasterTests/Pods-ScoutMasterTests.debug.xcconfig"; sourceTree = "<group>"; };
		F1DD3175B2007CD0579A9551 /* Pods-ScoutMaster.release.xcconfig */ = {isa = PBXFileReference; includeInIndex = 1; lastKnownFileType = text.xcconfig; name = "Pods-ScoutMaster.release.xcconfig"; path = "Target Support Files/Pods-ScoutMaster/Pods-ScoutMaster.release.xcconfig"; sourceTree = "<group>"; };
		FAA392E12FA4CE1FD3BA6E71 /* Pods_ScoutMasterTests.framework */ = {isa = PBXFileReference; explicitFileType = wrapper.framework; includeInIndex = 0; path = Pods_ScoutMasterTests.framework; sourceTree = BUILT_PRODUCTS_DIR; };
/* End PBXFileReference section */

/* Begin PBXFrameworksBuildPhase section */
		3A999DAB23DF58AC008DBC60 /* Frameworks */ = {
			isa = PBXFrameworksBuildPhase;
			buildActionMask = 2147483647;
			files = (
				05DF1D996894DBE6E00321B5 /* Pods_ScoutMaster.framework in Frameworks */,
			);
			runOnlyForDeploymentPostprocessing = 0;
		};
		3A999DC423DF58AE008DBC60 /* Frameworks */ = {
			isa = PBXFrameworksBuildPhase;
			buildActionMask = 2147483647;
			files = (
				7203AAF63B8D66EF26731238 /* Pods_ScoutMasterTests.framework in Frameworks */,
			);
			runOnlyForDeploymentPostprocessing = 0;
		};
		3A999DCF23DF58AE008DBC60 /* Frameworks */ = {
			isa = PBXFrameworksBuildPhase;
			buildActionMask = 2147483647;
			files = (
				3EE8B9B0ECABC26C48F173D0 /* Pods_ScoutMaster_ScoutMasterUITests.framework in Frameworks */,
			);
			runOnlyForDeploymentPostprocessing = 0;
		};
/* End PBXFrameworksBuildPhase section */

/* Begin PBXGroup section */
		08CA29FD23F3049300F8DECD /* Secrets */ = {
			isa = PBXGroup;
			children = (
				3A00770F23F62AE500FE1CE6 /* Secrets.swift */,
			);
			path = Secrets;
			sourceTree = "<group>";
		};
		2999A720D047E1FF4E4642E4 /* Pods */ = {
			isa = PBXGroup;
			children = (
				13A34422FE0BAB1A2892F98C /* Pods-ScoutMaster.debug.xcconfig */,
				F1DD3175B2007CD0579A9551 /* Pods-ScoutMaster.release.xcconfig */,
				01A5028CDEC1704483C0073E /* Pods-ScoutMaster-ScoutMasterUITests.debug.xcconfig */,
				731255956801D36A5C2D0DD3 /* Pods-ScoutMaster-ScoutMasterUITests.release.xcconfig */,
				DDE6B74DDA839949F9DA928E /* Pods-ScoutMasterTests.debug.xcconfig */,
				BAD78B67EE959390FA025D87 /* Pods-ScoutMasterTests.release.xcconfig */,
			);
			path = Pods;
			sourceTree = "<group>";
		};
		3A00771123F635DD00FE1CE6 /* UI Extensions */ = {
			isa = PBXGroup;
			children = (
				3A00771223F635F600FE1CE6 /* SoftEffect.swift */,
			);
			path = "UI Extensions";
			sourceTree = "<group>";
		};
		3A999DA523DF58AC008DBC60 = {
			isa = PBXGroup;
			children = (
				3A999DB023DF58AC008DBC60 /* ScoutMaster */,
				3A999DCA23DF58AE008DBC60 /* ScoutMasterTests */,
				3A999DD523DF58AE008DBC60 /* ScoutMasterUITests */,
				3A999DAF23DF58AC008DBC60 /* Products */,
				2999A720D047E1FF4E4642E4 /* Pods */,
				DCE124F12CFD9147237C8D82 /* Frameworks */,
			);
			sourceTree = "<group>";
		};
		3A999DAF23DF58AC008DBC60 /* Products */ = {
			isa = PBXGroup;
			children = (
				3A999DAE23DF58AC008DBC60 /* ScoutMaster.app */,
				3A999DC723DF58AE008DBC60 /* ScoutMasterTests.xctest */,
				3A999DD223DF58AE008DBC60 /* ScoutMasterUITests.xctest */,
			);
			name = Products;
			sourceTree = "<group>";
		};
		3A999DB023DF58AC008DBC60 /* ScoutMaster */ = {
			isa = PBXGroup;
			children = (
				3A999DF123DF5AAE008DBC60 /* Controllers */,
				4E6610D423E3739B00846CB4 /* Firebase */,
				3A999E0023DF5C5A008DBC60 /* Models */,
				3A999E0523DF5D36008DBC60 /* Utilities */,
				08CA29FD23F3049300F8DECD /* Secrets */,
				3A999DFE23DF5BFA008DBC60 /* Supporting Files */,
				3A999DBD23DF58AD008DBC60 /* Assets.xcassets */,
				3A999DC223DF58AD008DBC60 /* Info.plist */,
				52B152F323E3936B007C9BF6 /* GoogleService-Info.plist */,
				3A999DBA23DF58AC008DBC60 /* ScoutMaster.xcdatamodeld */,
			);
			path = ScoutMaster;
			sourceTree = "<group>";
		};
		3A999DCA23DF58AE008DBC60 /* ScoutMasterTests */ = {
			isa = PBXGroup;
			children = (
				3A999DCB23DF58AE008DBC60 /* ScoutMasterTests.swift */,
				3A999DCD23DF58AE008DBC60 /* Info.plist */,
			);
			path = ScoutMasterTests;
			sourceTree = "<group>";
		};
		3A999DD523DF58AE008DBC60 /* ScoutMasterUITests */ = {
			isa = PBXGroup;
			children = (
				3A999DD623DF58AE008DBC60 /* ScoutMasterUITests.swift */,
				3A999DD823DF58AE008DBC60 /* Info.plist */,
			);
			path = ScoutMasterUITests;
			sourceTree = "<group>";
		};
		3A999DE423DF5938008DBC60 /* MainTab */ = {
			isa = PBXGroup;
			children = (
				3A999DEE23DF59EC008DBC60 /* MainTabBarViewController.swift */,
				3A999DF223DF5AF9008DBC60 /* Dashboard */,
				3A999DF523DF5B3E008DBC60 /* Map */,
				3A999DE523DF593B008DBC60 /* User */,
			);
			path = MainTab;
			sourceTree = "<group>";
		};
		3A999DE523DF593B008DBC60 /* User */ = {
			isa = PBXGroup;
			children = (
				3A999DEC23DF59AA008DBC60 /* ProfileVC.swift */,
				4EA3D3C123F30DF000501EB3 /* FaveHikeCVC.swift */,
			);
			path = User;
			sourceTree = "<group>";
		};
		3A999DE723DF5941008DBC60 /* Authentication */ = {
			isa = PBXGroup;
			children = (
				3A999DE823DF5960008DBC60 /* LoginVC.swift */,
				4EB921E023E8895E0013B245 /* SignUpVC.swift */,
				4EB921E223E88A9C0013B245 /* String+Validations.swift */,
			);
			path = Authentication;
			sourceTree = "<group>";
		};
		3A999DF123DF5AAE008DBC60 /* Controllers */ = {
			isa = PBXGroup;
			children = (
				3A999DE723DF5941008DBC60 /* Authentication */,
				3A999DE423DF5938008DBC60 /* MainTab */,
			);
			path = Controllers;
			sourceTree = "<group>";
		};
		3A999DF223DF5AF9008DBC60 /* Dashboard */ = {
			isa = PBXGroup;
			children = (
				3A999DF323DF5B1A008DBC60 /* DetailVC.swift */,
				5267F35A23E4D10800B7ACA0 /* TrailCell.swift */,
				523BE1CD23F3401F006761A6 /* DashboardVC.swift */,
			);
			path = Dashboard;
			sourceTree = "<group>";
		};
		3A999DF523DF5B3E008DBC60 /* Map */ = {
			isa = PBXGroup;
			children = (
				3A999DF623DF5B6B008DBC60 /* JourneyVC.swift */,
				3A999DF823DF5B79008DBC60 /* MapVC.swift */,
				080E1C9823E4722200EF94A6 /* MapboxTestVC.swift */,
				3A0076BF23F1CAE600FE1CE6 /* MapCell.swift */,
			);
			path = Map;
			sourceTree = "<group>";
		};
		3A999DFE23DF5BFA008DBC60 /* Supporting Files */ = {
			isa = PBXGroup;
			children = (
				3A999DB123DF58AC008DBC60 /* AppDelegate.swift */,
				3A999DB323DF58AC008DBC60 /* SceneDelegate.swift */,
				3A999DB723DF58AC008DBC60 /* Main.storyboard */,
				3A999DBF23DF58AD008DBC60 /* LaunchScreen.storyboard */,
			);
			path = "Supporting Files";
			sourceTree = "<group>";
		};
		3A999E0023DF5C5A008DBC60 /* Models */ = {
			isa = PBXGroup;
			children = (
				3A999E0123DF5C7B008DBC60 /* ModelOne.swift */,
				4E6610DB23E37D3400846CB4 /* User.swift */,
				4EA3D3BD23F1D08C00501EB3 /* Posts.swift */,
			);
			path = Models;
			sourceTree = "<group>";
		};
		3A999E0523DF5D36008DBC60 /* Utilities */ = {
			isa = PBXGroup;
			children = (
				3A00771123F635DD00FE1CE6 /* UI Extensions */,
				52B152DC23E0C9A8007C9BF6 /* API */,
				52B152D923E0C97E007C9BF6 /* Firebase */,
				3A999E0B23DF6E8D008DBC60 /* Location */,
				3A999E0623DF6E41008DBC60 /* Networking */,
			);
			path = Utilities;
			sourceTree = "<group>";
		};
		3A999E0623DF6E41008DBC60 /* Networking */ = {
			isa = PBXGroup;
			children = (
				3A999E0723DF6E52008DBC60 /* Network.swift */,
				52B152D723E0A651007C9BF6 /* AppError.swift */,
				52B152E623E0E9D8007C9BF6 /* ImageHelper.swift */,
			);
			path = Networking;
			sourceTree = "<group>";
		};
		3A999E0B23DF6E8D008DBC60 /* Location */ = {
			isa = PBXGroup;
			children = (
				3AAA6AE423E88F4F00A5E8F1 /* blue-trail.geojson */,
				3A00771423F6466B00FE1CE6 /* prospectparkloop.geojson */,
				3A999E0C23DF6EA0008DBC60 /* LocationData.swift */,
				3AAA6AE123E886DA00A5E8F1 /* CustomPointAnnotation.swift */,
				3A0076BC23F1C7D900FE1CE6 /* MapSettings.swift */,
				3AE92FD823FC791F009D7AD0 /* AddPointVC.swift */,
			);
			path = Location;
			sourceTree = "<group>";
		};
		4E6610D423E3739B00846CB4 /* Firebase */ = {
			isa = PBXGroup;
			children = (
				4E6610D523E373BC00846CB4 /* FirebaseAuth.swift */,
				4E6610D723E373D300846CB4 /* FirebaseService.swift */,
				4EA3D3BB23F1C60100501EB3 /* FireStorage.swift */,
			);
			path = Firebase;
			sourceTree = "<group>";
		};
		523D98B723F5BB58007EF639 /* Google */ = {
			isa = PBXGroup;
			children = (
				523D98B823F5BB76007EF639 /* GoogleFile.swift */,
			);
			path = Google;
			sourceTree = "<group>";
		};
		52B152D923E0C97E007C9BF6 /* Firebase */ = {
			isa = PBXGroup;
			children = (
				52B152DA23E0C99B007C9BF6 /* FirebaseFile.swift */,
			);
			path = Firebase;
			sourceTree = "<group>";
		};
		52B152DC23E0C9A8007C9BF6 /* API */ = {
			isa = PBXGroup;
			children = (
				523D98B723F5BB58007EF639 /* Google */,
				52B152E323E0CA02007C9BF6 /* DarkSky */,
				52B152E023E0C9E5007C9BF6 /* NPS */,
				52B152DD23E0C9BD007C9BF6 /* HikingProject */,
			);
			path = API;
			sourceTree = "<group>";
		};
		52B152DD23E0C9BD007C9BF6 /* HikingProject */ = {
			isa = PBXGroup;
			children = (
				52B152DE23E0C9DA007C9BF6 /* HikingProjectFile.swift */,
			);
			path = HikingProject;
			sourceTree = "<group>";
		};
		52B152E023E0C9E5007C9BF6 /* NPS */ = {
			isa = PBXGroup;
			children = (
				52B152E123E0C9FA007C9BF6 /* NPSFile.swift */,
			);
			path = NPS;
			sourceTree = "<group>";
		};
		52B152E323E0CA02007C9BF6 /* DarkSky */ = {
			isa = PBXGroup;
			children = (
				52B152E423E0CA1E007C9BF6 /* DarkSkyFile.swift */,
			);
			path = DarkSky;
			sourceTree = "<group>";
		};
		DCE124F12CFD9147237C8D82 /* Frameworks */ = {
			isa = PBXGroup;
			children = (
				A38817B1C8BC15E705E6950D /* Pods_ScoutMaster.framework */,
				6FD36AC838291A554A4C151A /* Pods_ScoutMaster_ScoutMasterUITests.framework */,
				FAA392E12FA4CE1FD3BA6E71 /* Pods_ScoutMasterTests.framework */,
			);
			name = Frameworks;
			sourceTree = "<group>";
		};
/* End PBXGroup section */

/* Begin PBXNativeTarget section */
		3A999DAD23DF58AC008DBC60 /* ScoutMaster */ = {
			isa = PBXNativeTarget;
			buildConfigurationList = 3A999DDB23DF58AE008DBC60 /* Build configuration list for PBXNativeTarget "ScoutMaster" */;
			buildPhases = (
				BBD921487AA62F70B395D594 /* [CP] Check Pods Manifest.lock */,
				3A999DAA23DF58AC008DBC60 /* Sources */,
				3A999DAB23DF58AC008DBC60 /* Frameworks */,
				3A999DAC23DF58AC008DBC60 /* Resources */,
				0AA178C5553C4C2364214215 /* [CP] Embed Pods Frameworks */,
			);
			buildRules = (
			);
			dependencies = (
			);
			name = ScoutMaster;
			productName = ScoutMaster;
			productReference = 3A999DAE23DF58AC008DBC60 /* ScoutMaster.app */;
			productType = "com.apple.product-type.application";
		};
		3A999DC623DF58AE008DBC60 /* ScoutMasterTests */ = {
			isa = PBXNativeTarget;
			buildConfigurationList = 3A999DDE23DF58AE008DBC60 /* Build configuration list for PBXNativeTarget "ScoutMasterTests" */;
			buildPhases = (
				1D8B931AA45745DA36117D60 /* [CP] Check Pods Manifest.lock */,
				3A999DC323DF58AE008DBC60 /* Sources */,
				3A999DC423DF58AE008DBC60 /* Frameworks */,
				3A999DC523DF58AE008DBC60 /* Resources */,
			);
			buildRules = (
			);
			dependencies = (
				3A999DC923DF58AE008DBC60 /* PBXTargetDependency */,
			);
			name = ScoutMasterTests;
			productName = ScoutMasterTests;
			productReference = 3A999DC723DF58AE008DBC60 /* ScoutMasterTests.xctest */;
			productType = "com.apple.product-type.bundle.unit-test";
		};
		3A999DD123DF58AE008DBC60 /* ScoutMasterUITests */ = {
			isa = PBXNativeTarget;
			buildConfigurationList = 3A999DE123DF58AE008DBC60 /* Build configuration list for PBXNativeTarget "ScoutMasterUITests" */;
			buildPhases = (
				09A7845886D6BD18E8ECFC1B /* [CP] Check Pods Manifest.lock */,
				3A999DCE23DF58AE008DBC60 /* Sources */,
				3A999DCF23DF58AE008DBC60 /* Frameworks */,
				3A999DD023DF58AE008DBC60 /* Resources */,
				647D24693B44FEEAA5F55E59 /* [CP] Embed Pods Frameworks */,
			);
			buildRules = (
			);
			dependencies = (
				3A999DD423DF58AE008DBC60 /* PBXTargetDependency */,
			);
			name = ScoutMasterUITests;
			productName = ScoutMasterUITests;
			productReference = 3A999DD223DF58AE008DBC60 /* ScoutMasterUITests.xctest */;
			productType = "com.apple.product-type.bundle.ui-testing";
		};
/* End PBXNativeTarget section */

/* Begin PBXProject section */
		3A999DA623DF58AC008DBC60 /* Project object */ = {
			isa = PBXProject;
			attributes = {
				LastSwiftUpdateCheck = 1110;
				LastUpgradeCheck = 1110;
				ORGANIZATIONNAME = "Sam Roman";
				TargetAttributes = {
					3A999DAD23DF58AC008DBC60 = {
						CreatedOnToolsVersion = 11.1;
					};
					3A999DC623DF58AE008DBC60 = {
						CreatedOnToolsVersion = 11.1;
						TestTargetID = 3A999DAD23DF58AC008DBC60;
					};
					3A999DD123DF58AE008DBC60 = {
						CreatedOnToolsVersion = 11.1;
						TestTargetID = 3A999DAD23DF58AC008DBC60;
					};
				};
			};
			buildConfigurationList = 3A999DA923DF58AC008DBC60 /* Build configuration list for PBXProject "ScoutMaster" */;
			compatibilityVersion = "Xcode 9.3";
			developmentRegion = en;
			hasScannedForEncodings = 0;
			knownRegions = (
				en,
				Base,
			);
			mainGroup = 3A999DA523DF58AC008DBC60;
			productRefGroup = 3A999DAF23DF58AC008DBC60 /* Products */;
			projectDirPath = "";
			projectRoot = "";
			targets = (
				3A999DAD23DF58AC008DBC60 /* ScoutMaster */,
				3A999DC623DF58AE008DBC60 /* ScoutMasterTests */,
				3A999DD123DF58AE008DBC60 /* ScoutMasterUITests */,
			);
		};
/* End PBXProject section */

/* Begin PBXResourcesBuildPhase section */
		3A999DAC23DF58AC008DBC60 /* Resources */ = {
			isa = PBXResourcesBuildPhase;
			buildActionMask = 2147483647;
			files = (
				3A999DC123DF58AD008DBC60 /* LaunchScreen.storyboard in Resources */,
				52B152F423E3936B007C9BF6 /* GoogleService-Info.plist in Resources */,
				3AAA6AE523E88F4F00A5E8F1 /* blue-trail.geojson in Resources */,
				3A999DBE23DF58AD008DBC60 /* Assets.xcassets in Resources */,
				3A999DB923DF58AC008DBC60 /* Main.storyboard in Resources */,
				3A00771523F6466B00FE1CE6 /* prospectparkloop.geojson in Resources */,
			);
			runOnlyForDeploymentPostprocessing = 0;
		};
		3A999DC523DF58AE008DBC60 /* Resources */ = {
			isa = PBXResourcesBuildPhase;
			buildActionMask = 2147483647;
			files = (
			);
			runOnlyForDeploymentPostprocessing = 0;
		};
		3A999DD023DF58AE008DBC60 /* Resources */ = {
			isa = PBXResourcesBuildPhase;
			buildActionMask = 2147483647;
			files = (
				52B152F523E3937F007C9BF6 /* ScoutMasterUITests.xctest in Resources */,
			);
			runOnlyForDeploymentPostprocessing = 0;
		};
/* End PBXResourcesBuildPhase section */

/* Begin PBXShellScriptBuildPhase section */
		09A7845886D6BD18E8ECFC1B /* [CP] Check Pods Manifest.lock */ = {
			isa = PBXShellScriptBuildPhase;
			buildActionMask = 2147483647;
			files = (
			);
			inputFileListPaths = (
			);
			inputPaths = (
				"${PODS_PODFILE_DIR_PATH}/Podfile.lock",
				"${PODS_ROOT}/Manifest.lock",
			);
			name = "[CP] Check Pods Manifest.lock";
			outputFileListPaths = (
			);
			outputPaths = (
				"$(DERIVED_FILE_DIR)/Pods-ScoutMaster-ScoutMasterUITests-checkManifestLockResult.txt",
			);
			runOnlyForDeploymentPostprocessing = 0;
			shellPath = /bin/sh;
			shellScript = "diff \"${PODS_PODFILE_DIR_PATH}/Podfile.lock\" \"${PODS_ROOT}/Manifest.lock\" > /dev/null\nif [ $? != 0 ] ; then\n    # print error to STDERR\n    echo \"error: The sandbox is not in sync with the Podfile.lock. Run 'pod install' or update your CocoaPods installation.\" >&2\n    exit 1\nfi\n# This output is used by Xcode 'outputs' to avoid re-running this script phase.\necho \"SUCCESS\" > \"${SCRIPT_OUTPUT_FILE_0}\"\n";
			showEnvVarsInLog = 0;
		};
		0AA178C5553C4C2364214215 /* [CP] Embed Pods Frameworks */ = {
			isa = PBXShellScriptBuildPhase;
			buildActionMask = 2147483647;
			files = (
			);
			inputFileListPaths = (
				"${PODS_ROOT}/Target Support Files/Pods-ScoutMaster/Pods-ScoutMaster-frameworks-${CONFIGURATION}-input-files.xcfilelist",
			);
			name = "[CP] Embed Pods Frameworks";
			outputFileListPaths = (
				"${PODS_ROOT}/Target Support Files/Pods-ScoutMaster/Pods-ScoutMaster-frameworks-${CONFIGURATION}-output-files.xcfilelist",
			);
			runOnlyForDeploymentPostprocessing = 0;
			shellPath = /bin/sh;
			shellScript = "\"${PODS_ROOT}/Target Support Files/Pods-ScoutMaster/Pods-ScoutMaster-frameworks.sh\"\n";
			showEnvVarsInLog = 0;
		};
		1D8B931AA45745DA36117D60 /* [CP] Check Pods Manifest.lock */ = {
			isa = PBXShellScriptBuildPhase;
			buildActionMask = 2147483647;
			files = (
			);
			inputFileListPaths = (
			);
			inputPaths = (
				"${PODS_PODFILE_DIR_PATH}/Podfile.lock",
				"${PODS_ROOT}/Manifest.lock",
			);
			name = "[CP] Check Pods Manifest.lock";
			outputFileListPaths = (
			);
			outputPaths = (
				"$(DERIVED_FILE_DIR)/Pods-ScoutMasterTests-checkManifestLockResult.txt",
			);
			runOnlyForDeploymentPostprocessing = 0;
			shellPath = /bin/sh;
			shellScript = "diff \"${PODS_PODFILE_DIR_PATH}/Podfile.lock\" \"${PODS_ROOT}/Manifest.lock\" > /dev/null\nif [ $? != 0 ] ; then\n    # print error to STDERR\n    echo \"error: The sandbox is not in sync with the Podfile.lock. Run 'pod install' or update your CocoaPods installation.\" >&2\n    exit 1\nfi\n# This output is used by Xcode 'outputs' to avoid re-running this script phase.\necho \"SUCCESS\" > \"${SCRIPT_OUTPUT_FILE_0}\"\n";
			showEnvVarsInLog = 0;
		};
		647D24693B44FEEAA5F55E59 /* [CP] Embed Pods Frameworks */ = {
			isa = PBXShellScriptBuildPhase;
			buildActionMask = 2147483647;
			files = (
			);
			inputFileListPaths = (
				"${PODS_ROOT}/Target Support Files/Pods-ScoutMaster-ScoutMasterUITests/Pods-ScoutMaster-ScoutMasterUITests-frameworks-${CONFIGURATION}-input-files.xcfilelist",
			);
			name = "[CP] Embed Pods Frameworks";
			outputFileListPaths = (
				"${PODS_ROOT}/Target Support Files/Pods-ScoutMaster-ScoutMasterUITests/Pods-ScoutMaster-ScoutMasterUITests-frameworks-${CONFIGURATION}-output-files.xcfilelist",
			);
			runOnlyForDeploymentPostprocessing = 0;
			shellPath = /bin/sh;
			shellScript = "\"${PODS_ROOT}/Target Support Files/Pods-ScoutMaster-ScoutMasterUITests/Pods-ScoutMaster-ScoutMasterUITests-frameworks.sh\"\n";
			showEnvVarsInLog = 0;
		};
		BBD921487AA62F70B395D594 /* [CP] Check Pods Manifest.lock */ = {
			isa = PBXShellScriptBuildPhase;
			buildActionMask = 2147483647;
			files = (
			);
			inputFileListPaths = (
			);
			inputPaths = (
				"${PODS_PODFILE_DIR_PATH}/Podfile.lock",
				"${PODS_ROOT}/Manifest.lock",
			);
			name = "[CP] Check Pods Manifest.lock";
			outputFileListPaths = (
			);
			outputPaths = (
				"$(DERIVED_FILE_DIR)/Pods-ScoutMaster-checkManifestLockResult.txt",
			);
			runOnlyForDeploymentPostprocessing = 0;
			shellPath = /bin/sh;
			shellScript = "diff \"${PODS_PODFILE_DIR_PATH}/Podfile.lock\" \"${PODS_ROOT}/Manifest.lock\" > /dev/null\nif [ $? != 0 ] ; then\n    # print error to STDERR\n    echo \"error: The sandbox is not in sync with the Podfile.lock. Run 'pod install' or update your CocoaPods installation.\" >&2\n    exit 1\nfi\n# This output is used by Xcode 'outputs' to avoid re-running this script phase.\necho \"SUCCESS\" > \"${SCRIPT_OUTPUT_FILE_0}\"\n";
			showEnvVarsInLog = 0;
		};
/* End PBXShellScriptBuildPhase section */

/* Begin PBXSourcesBuildPhase section */
		3A999DAA23DF58AC008DBC60 /* Sources */ = {
			isa = PBXSourcesBuildPhase;
			buildActionMask = 2147483647;
			files = (
				3A999DED23DF59AA008DBC60 /* ProfileVC.swift in Sources */,
				3AE92FD923FC791F009D7AD0 /* AddPointVC.swift in Sources */,
				4E6610D823E373D300846CB4 /* FirebaseService.swift in Sources */,
				3A0076BD23F1C7D900FE1CE6 /* MapSettings.swift in Sources */,
				3A999DF423DF5B1A008DBC60 /* DetailVC.swift in Sources */,
				4E6610DC23E37D3400846CB4 /* User.swift in Sources */,
				3A999E0823DF6E52008DBC60 /* Network.swift in Sources */,
				4EA3D3BE23F1D08C00501EB3 /* Posts.swift in Sources */,
				4EA3D3C223F30DF000501EB3 /* FaveHikeCVC.swift in Sources */,
				4EA3D3BC23F1C60100501EB3 /* FireStorage.swift in Sources */,
				523BE1CE23F34020006761A6 /* DashboardVC.swift in Sources */,
				52B152DF23E0C9DA007C9BF6 /* HikingProjectFile.swift in Sources */,
				3AAA6AE323E8879A00A5E8F1 /* LocationData.swift in Sources */,
				3A999DB223DF58AC008DBC60 /* AppDelegate.swift in Sources */,
				3A999DEF23DF59EC008DBC60 /* MainTabBarViewController.swift in Sources */,
				52B152D823E0A651007C9BF6 /* AppError.swift in Sources */,
				5267F35B23E4D10800B7ACA0 /* TrailCell.swift in Sources */,
				3A00771023F62AE500FE1CE6 /* Secrets.swift in Sources */,
				3A999DBC23DF58AC008DBC60 /* ScoutMaster.xcdatamodeld in Sources */,
				3A0076C023F1CAE600FE1CE6 /* MapCell.swift in Sources */,
				4EB921E323E88A9C0013B245 /* String+Validations.swift in Sources */,
				52B152E223E0C9FA007C9BF6 /* NPSFile.swift in Sources */,
				52B152DB23E0C99B007C9BF6 /* FirebaseFile.swift in Sources */,
				4EB921E123E8895E0013B245 /* SignUpVC.swift in Sources */,
				52B152E723E0E9D8007C9BF6 /* ImageHelper.swift in Sources */,
				523D98B923F5BB76007EF639 /* GoogleFile.swift in Sources */,
				3A999DF723DF5B6B008DBC60 /* JourneyVC.swift in Sources */,
				3A999DB423DF58AC008DBC60 /* SceneDelegate.swift in Sources */,
				3A999DE923DF5960008DBC60 /* LoginVC.swift in Sources */,
				3A00771323F635F600FE1CE6 /* SoftEffect.swift in Sources */,
				52B152E523E0CA1E007C9BF6 /* DarkSkyFile.swift in Sources */,
				3A999DF923DF5B7A008DBC60 /* MapVC.swift in Sources */,
				4E6610D623E373BC00846CB4 /* FirebaseAuth.swift in Sources */,
				080E1C9B23E4734500EF94A6 /* (null) in Sources */,
				3A999E0223DF5C7B008DBC60 /* ModelOne.swift in Sources */,
				3AAA6AE223E886DA00A5E8F1 /* CustomPointAnnotation.swift in Sources */,
				080E1C9923E4722200EF94A6 /* MapboxTestVC.swift in Sources */,
			);
			runOnlyForDeploymentPostprocessing = 0;
		};
		3A999DC323DF58AE008DBC60 /* Sources */ = {
			isa = PBXSourcesBuildPhase;
			buildActionMask = 2147483647;
			files = (
				3A999DCC23DF58AE008DBC60 /* ScoutMasterTests.swift in Sources */,
			);
			runOnlyForDeploymentPostprocessing = 0;
		};
		3A999DCE23DF58AE008DBC60 /* Sources */ = {
			isa = PBXSourcesBuildPhase;
			buildActionMask = 2147483647;
			files = (
				3A999DD723DF58AE008DBC60 /* ScoutMasterUITests.swift in Sources */,
			);
			runOnlyForDeploymentPostprocessing = 0;
		};
/* End PBXSourcesBuildPhase section */

/* Begin PBXTargetDependency section */
		3A999DC923DF58AE008DBC60 /* PBXTargetDependency */ = {
			isa = PBXTargetDependency;
			target = 3A999DAD23DF58AC008DBC60 /* ScoutMaster */;
			targetProxy = 3A999DC823DF58AE008DBC60 /* PBXContainerItemProxy */;
		};
		3A999DD423DF58AE008DBC60 /* PBXTargetDependency */ = {
			isa = PBXTargetDependency;
			target = 3A999DAD23DF58AC008DBC60 /* ScoutMaster */;
			targetProxy = 3A999DD323DF58AE008DBC60 /* PBXContainerItemProxy */;
		};
/* End PBXTargetDependency section */

/* Begin PBXVariantGroup section */
		3A999DB723DF58AC008DBC60 /* Main.storyboard */ = {
			isa = PBXVariantGroup;
			children = (
				3A999DB823DF58AC008DBC60 /* Base */,
			);
			name = Main.storyboard;
			sourceTree = "<group>";
		};
		3A999DBF23DF58AD008DBC60 /* LaunchScreen.storyboard */ = {
			isa = PBXVariantGroup;
			children = (
				3A999DC023DF58AD008DBC60 /* Base */,
			);
			name = LaunchScreen.storyboard;
			sourceTree = "<group>";
		};
/* End PBXVariantGroup section */

/* Begin XCBuildConfiguration section */
		3A999DD923DF58AE008DBC60 /* Debug */ = {
			isa = XCBuildConfiguration;
			buildSettings = {
				ALWAYS_SEARCH_USER_PATHS = NO;
				CLANG_ANALYZER_NONNULL = YES;
				CLANG_ANALYZER_NUMBER_OBJECT_CONVERSION = YES_AGGRESSIVE;
				CLANG_CXX_LANGUAGE_STANDARD = "gnu++14";
				CLANG_CXX_LIBRARY = "libc++";
				CLANG_ENABLE_MODULES = YES;
				CLANG_ENABLE_OBJC_ARC = YES;
				CLANG_ENABLE_OBJC_WEAK = YES;
				CLANG_WARN_BLOCK_CAPTURE_AUTORELEASING = YES;
				CLANG_WARN_BOOL_CONVERSION = YES;
				CLANG_WARN_COMMA = YES;
				CLANG_WARN_CONSTANT_CONVERSION = YES;
				CLANG_WARN_DEPRECATED_OBJC_IMPLEMENTATIONS = YES;
				CLANG_WARN_DIRECT_OBJC_ISA_USAGE = YES_ERROR;
				CLANG_WARN_DOCUMENTATION_COMMENTS = YES;
				CLANG_WARN_EMPTY_BODY = YES;
				CLANG_WARN_ENUM_CONVERSION = YES;
				CLANG_WARN_INFINITE_RECURSION = YES;
				CLANG_WARN_INT_CONVERSION = YES;
				CLANG_WARN_NON_LITERAL_NULL_CONVERSION = YES;
				CLANG_WARN_OBJC_IMPLICIT_RETAIN_SELF = YES;
				CLANG_WARN_OBJC_LITERAL_CONVERSION = YES;
				CLANG_WARN_OBJC_ROOT_CLASS = YES_ERROR;
				CLANG_WARN_RANGE_LOOP_ANALYSIS = YES;
				CLANG_WARN_STRICT_PROTOTYPES = YES;
				CLANG_WARN_SUSPICIOUS_MOVE = YES;
				CLANG_WARN_UNGUARDED_AVAILABILITY = YES_AGGRESSIVE;
				CLANG_WARN_UNREACHABLE_CODE = YES;
				CLANG_WARN__DUPLICATE_METHOD_MATCH = YES;
				COPY_PHASE_STRIP = NO;
				DEBUG_INFORMATION_FORMAT = dwarf;
				ENABLE_STRICT_OBJC_MSGSEND = YES;
				ENABLE_TESTABILITY = YES;
				GCC_C_LANGUAGE_STANDARD = gnu11;
				GCC_DYNAMIC_NO_PIC = NO;
				GCC_NO_COMMON_BLOCKS = YES;
				GCC_OPTIMIZATION_LEVEL = 0;
				GCC_PREPROCESSOR_DEFINITIONS = (
					"DEBUG=1",
					"$(inherited)",
				);
				GCC_WARN_64_TO_32_BIT_CONVERSION = YES;
				GCC_WARN_ABOUT_RETURN_TYPE = YES_ERROR;
				GCC_WARN_UNDECLARED_SELECTOR = YES;
				GCC_WARN_UNINITIALIZED_AUTOS = YES_AGGRESSIVE;
				GCC_WARN_UNUSED_FUNCTION = YES;
				GCC_WARN_UNUSED_VARIABLE = YES;
				IPHONEOS_DEPLOYMENT_TARGET = 13.1;
				MTL_ENABLE_DEBUG_INFO = INCLUDE_SOURCE;
				MTL_FAST_MATH = YES;
				ONLY_ACTIVE_ARCH = YES;
				SDKROOT = iphoneos;
				SWIFT_ACTIVE_COMPILATION_CONDITIONS = DEBUG;
				SWIFT_OPTIMIZATION_LEVEL = "-Onone";
			};
			name = Debug;
		};
		3A999DDA23DF58AE008DBC60 /* Release */ = {
			isa = XCBuildConfiguration;
			buildSettings = {
				ALWAYS_SEARCH_USER_PATHS = NO;
				CLANG_ANALYZER_NONNULL = YES;
				CLANG_ANALYZER_NUMBER_OBJECT_CONVERSION = YES_AGGRESSIVE;
				CLANG_CXX_LANGUAGE_STANDARD = "gnu++14";
				CLANG_CXX_LIBRARY = "libc++";
				CLANG_ENABLE_MODULES = YES;
				CLANG_ENABLE_OBJC_ARC = YES;
				CLANG_ENABLE_OBJC_WEAK = YES;
				CLANG_WARN_BLOCK_CAPTURE_AUTORELEASING = YES;
				CLANG_WARN_BOOL_CONVERSION = YES;
				CLANG_WARN_COMMA = YES;
				CLANG_WARN_CONSTANT_CONVERSION = YES;
				CLANG_WARN_DEPRECATED_OBJC_IMPLEMENTATIONS = YES;
				CLANG_WARN_DIRECT_OBJC_ISA_USAGE = YES_ERROR;
				CLANG_WARN_DOCUMENTATION_COMMENTS = YES;
				CLANG_WARN_EMPTY_BODY = YES;
				CLANG_WARN_ENUM_CONVERSION = YES;
				CLANG_WARN_INFINITE_RECURSION = YES;
				CLANG_WARN_INT_CONVERSION = YES;
				CLANG_WARN_NON_LITERAL_NULL_CONVERSION = YES;
				CLANG_WARN_OBJC_IMPLICIT_RETAIN_SELF = YES;
				CLANG_WARN_OBJC_LITERAL_CONVERSION = YES;
				CLANG_WARN_OBJC_ROOT_CLASS = YES_ERROR;
				CLANG_WARN_RANGE_LOOP_ANALYSIS = YES;
				CLANG_WARN_STRICT_PROTOTYPES = YES;
				CLANG_WARN_SUSPICIOUS_MOVE = YES;
				CLANG_WARN_UNGUARDED_AVAILABILITY = YES_AGGRESSIVE;
				CLANG_WARN_UNREACHABLE_CODE = YES;
				CLANG_WARN__DUPLICATE_METHOD_MATCH = YES;
				COPY_PHASE_STRIP = NO;
				DEBUG_INFORMATION_FORMAT = "dwarf-with-dsym";
				ENABLE_NS_ASSERTIONS = NO;
				ENABLE_STRICT_OBJC_MSGSEND = YES;
				GCC_C_LANGUAGE_STANDARD = gnu11;
				GCC_NO_COMMON_BLOCKS = YES;
				GCC_WARN_64_TO_32_BIT_CONVERSION = YES;
				GCC_WARN_ABOUT_RETURN_TYPE = YES_ERROR;
				GCC_WARN_UNDECLARED_SELECTOR = YES;
				GCC_WARN_UNINITIALIZED_AUTOS = YES_AGGRESSIVE;
				GCC_WARN_UNUSED_FUNCTION = YES;
				GCC_WARN_UNUSED_VARIABLE = YES;
				IPHONEOS_DEPLOYMENT_TARGET = 13.1;
				MTL_ENABLE_DEBUG_INFO = NO;
				MTL_FAST_MATH = YES;
				SDKROOT = iphoneos;
				SWIFT_COMPILATION_MODE = wholemodule;
				SWIFT_OPTIMIZATION_LEVEL = "-O";
				VALIDATE_PRODUCT = YES;
			};
			name = Release;
		};
		3A999DDC23DF58AE008DBC60 /* Debug */ = {
			isa = XCBuildConfiguration;
			baseConfigurationReference = 13A34422FE0BAB1A2892F98C /* Pods-ScoutMaster.debug.xcconfig */;
			buildSettings = {
				ASSETCATALOG_COMPILER_APPICON_NAME = AppIcon;
				CODE_SIGN_STYLE = Automatic;
				DEVELOPMENT_TEAM = 3PQWZJD8Z5;
				INFOPLIST_FILE = ScoutMaster/Info.plist;
				LD_RUNPATH_SEARCH_PATHS = (
					"$(inherited)",
					"@executable_path/Frameworks",
				);
				PRODUCT_BUNDLE_IDENTIFIER = samroman.ScoutMaster;
				PRODUCT_NAME = "$(TARGET_NAME)";
				SWIFT_VERSION = 5.0;
				TARGETED_DEVICE_FAMILY = 1;
			};
			name = Debug;
		};
		3A999DDD23DF58AE008DBC60 /* Release */ = {
			isa = XCBuildConfiguration;
			baseConfigurationReference = F1DD3175B2007CD0579A9551 /* Pods-ScoutMaster.release.xcconfig */;
			buildSettings = {
				ASSETCATALOG_COMPILER_APPICON_NAME = AppIcon;
				CODE_SIGN_STYLE = Automatic;
				DEVELOPMENT_TEAM = 3PQWZJD8Z5;
				INFOPLIST_FILE = ScoutMaster/Info.plist;
				LD_RUNPATH_SEARCH_PATHS = (
					"$(inherited)",
					"@executable_path/Frameworks",
				);
				PRODUCT_BUNDLE_IDENTIFIER = samroman.ScoutMaster;
				PRODUCT_NAME = "$(TARGET_NAME)";
				SWIFT_VERSION = 5.0;
				TARGETED_DEVICE_FAMILY = 1;
			};
			name = Release;
		};
		3A999DDF23DF58AE008DBC60 /* Debug */ = {
			isa = XCBuildConfiguration;
			baseConfigurationReference = DDE6B74DDA839949F9DA928E /* Pods-ScoutMasterTests.debug.xcconfig */;
			buildSettings = {
				ALWAYS_EMBED_SWIFT_STANDARD_LIBRARIES = YES;
				BUNDLE_LOADER = "$(TEST_HOST)";
				CODE_SIGN_STYLE = Automatic;
				DEVELOPMENT_TEAM = BHJSDBBPS7;
				INFOPLIST_FILE = ScoutMasterTests/Info.plist;
				IPHONEOS_DEPLOYMENT_TARGET = 13.1;
				LD_RUNPATH_SEARCH_PATHS = (
					"$(inherited)",
					"@executable_path/Frameworks",
					"@loader_path/Frameworks",
				);
				PRODUCT_BUNDLE_IDENTIFIER = samroman.ScoutMasterTests;
				PRODUCT_NAME = "$(TARGET_NAME)";
				SWIFT_VERSION = 5.0;
				TARGETED_DEVICE_FAMILY = "1,2";
				TEST_HOST = "$(BUILT_PRODUCTS_DIR)/ScoutMaster.app/ScoutMaster";
			};
			name = Debug;
		};
		3A999DE023DF58AE008DBC60 /* Release */ = {
			isa = XCBuildConfiguration;
			baseConfigurationReference = BAD78B67EE959390FA025D87 /* Pods-ScoutMasterTests.release.xcconfig */;
			buildSettings = {
				ALWAYS_EMBED_SWIFT_STANDARD_LIBRARIES = YES;
				BUNDLE_LOADER = "$(TEST_HOST)";
				CODE_SIGN_STYLE = Automatic;
				DEVELOPMENT_TEAM = BHJSDBBPS7;
				INFOPLIST_FILE = ScoutMasterTests/Info.plist;
				IPHONEOS_DEPLOYMENT_TARGET = 13.1;
				LD_RUNPATH_SEARCH_PATHS = (
					"$(inherited)",
					"@executable_path/Frameworks",
					"@loader_path/Frameworks",
				);
				PRODUCT_BUNDLE_IDENTIFIER = samroman.ScoutMasterTests;
				PRODUCT_NAME = "$(TARGET_NAME)";
				SWIFT_VERSION = 5.0;
				TARGETED_DEVICE_FAMILY = "1,2";
				TEST_HOST = "$(BUILT_PRODUCTS_DIR)/ScoutMaster.app/ScoutMaster";
			};
			name = Release;
		};
		3A999DE223DF58AE008DBC60 /* Debug */ = {
			isa = XCBuildConfiguration;
			baseConfigurationReference = 01A5028CDEC1704483C0073E /* Pods-ScoutMaster-ScoutMasterUITests.debug.xcconfig */;
			buildSettings = {
				ALWAYS_EMBED_SWIFT_STANDARD_LIBRARIES = YES;
				CODE_SIGN_STYLE = Automatic;
				DEVELOPMENT_TEAM = BHJSDBBPS7;
				INFOPLIST_FILE = ScoutMasterUITests/Info.plist;
				LD_RUNPATH_SEARCH_PATHS = (
					"$(inherited)",
					"@executable_path/Frameworks",
					"@loader_path/Frameworks",
				);
				PRODUCT_BUNDLE_IDENTIFIER = samroman.ScoutMasterUITests;
				PRODUCT_NAME = "$(TARGET_NAME)";
				SWIFT_VERSION = 5.0;
				TARGETED_DEVICE_FAMILY = "1,2";
				TEST_TARGET_NAME = ScoutMaster;
			};
			name = Debug;
		};
		3A999DE323DF58AE008DBC60 /* Release */ = {
			isa = XCBuildConfiguration;
			baseConfigurationReference = 731255956801D36A5C2D0DD3 /* Pods-ScoutMaster-ScoutMasterUITests.release.xcconfig */;
			buildSettings = {
				ALWAYS_EMBED_SWIFT_STANDARD_LIBRARIES = YES;
				CODE_SIGN_STYLE = Automatic;
				DEVELOPMENT_TEAM = BHJSDBBPS7;
				INFOPLIST_FILE = ScoutMasterUITests/Info.plist;
				LD_RUNPATH_SEARCH_PATHS = (
					"$(inherited)",
					"@executable_path/Frameworks",
					"@loader_path/Frameworks",
				);
				PRODUCT_BUNDLE_IDENTIFIER = samroman.ScoutMasterUITests;
				PRODUCT_NAME = "$(TARGET_NAME)";
				SWIFT_VERSION = 5.0;
				TARGETED_DEVICE_FAMILY = "1,2";
				TEST_TARGET_NAME = ScoutMaster;
			};
			name = Release;
		};
/* End XCBuildConfiguration section */

/* Begin XCConfigurationList section */
		3A999DA923DF58AC008DBC60 /* Build configuration list for PBXProject "ScoutMaster" */ = {
			isa = XCConfigurationList;
			buildConfigurations = (
				3A999DD923DF58AE008DBC60 /* Debug */,
				3A999DDA23DF58AE008DBC60 /* Release */,
			);
			defaultConfigurationIsVisible = 0;
			defaultConfigurationName = Release;
		};
		3A999DDB23DF58AE008DBC60 /* Build configuration list for PBXNativeTarget "ScoutMaster" */ = {
			isa = XCConfigurationList;
			buildConfigurations = (
				3A999DDC23DF58AE008DBC60 /* Debug */,
				3A999DDD23DF58AE008DBC60 /* Release */,
			);
			defaultConfigurationIsVisible = 0;
			defaultConfigurationName = Release;
		};
		3A999DDE23DF58AE008DBC60 /* Build configuration list for PBXNativeTarget "ScoutMasterTests" */ = {
			isa = XCConfigurationList;
			buildConfigurations = (
				3A999DDF23DF58AE008DBC60 /* Debug */,
				3A999DE023DF58AE008DBC60 /* Release */,
			);
			defaultConfigurationIsVisible = 0;
			defaultConfigurationName = Release;
		};
		3A999DE123DF58AE008DBC60 /* Build configuration list for PBXNativeTarget "ScoutMasterUITests" */ = {
			isa = XCConfigurationList;
			buildConfigurations = (
				3A999DE223DF58AE008DBC60 /* Debug */,
				3A999DE323DF58AE008DBC60 /* Release */,
			);
			defaultConfigurationIsVisible = 0;
			defaultConfigurationName = Release;
		};
/* End XCConfigurationList section */

/* Begin XCVersionGroup section */
		3A999DBA23DF58AC008DBC60 /* ScoutMaster.xcdatamodeld */ = {
			isa = XCVersionGroup;
			children = (
				3A999DBB23DF58AC008DBC60 /* ScoutMaster.xcdatamodel */,
			);
			currentVersion = 3A999DBB23DF58AC008DBC60 /* ScoutMaster.xcdatamodel */;
			path = ScoutMaster.xcdatamodeld;
			sourceTree = "<group>";
			versionGroupType = wrapper.xcdatamodel;
		};
/* End XCVersionGroup section */
	};
	rootObject = 3A999DA623DF58AC008DBC60 /* Project object */;
}
